
Microsoft Visual Studio Solution File, Format Version 12.00
# Visual Studio 15
Project("{FAE04EC0-301F-11D3-BF4B-00C04F79EFBC}") = "2018_12_08_OM", "Assembly-CSharp.csproj", "{60DD219E-28FA-C07E-81B1-8FF8F2E7B9FA}"
EndProject
Project("{FAE04EC0-301F-11D3-BF4B-00C04F79EFBC}") = "2018_12_08_OM", "Assembly-CSharp-Editor.csproj", "{B62B4798-EF31-617C-A48F-42A3DBF58B99}"
EndProject
Global
	GlobalSection(SolutionConfigurationPlatforms) = preSolution
		Debug|Any CPU = Debug|Any CPU
		Release|Any CPU = Release|Any CPU
	EndGlobalSection
	GlobalSection(ProjectConfigurationPlatforms) = postSolution
		{60DD219E-28FA-C07E-81B1-8FF8F2E7B9FA}.Debug|Any CPU.ActiveCfg = Debug|Any CPU
		{60DD219E-28FA-C07E-81B1-8FF8F2E7B9FA}.Debug|Any CPU.Build.0 = Debug|Any CPU
		{60DD219E-28FA-C07E-81B1-8FF8F2E7B9FA}.Release|Any CPU.ActiveCfg = Release|Any CPU
		{60DD219E-28FA-C07E-81B1-8FF8F2E7B9FA}.Release|Any CPU.Build.0 = Release|Any CPU
		{B62B4798-EF31-617C-A48F-42A3DBF58B99}.Debug|Any CPU.ActiveCfg = Debug|Any CPU
		{B62B4798-EF31-617C-A48F-42A3DBF58B99}.Debug|Any CPU.Build.0 = Debug|Any CPU
		{B62B4798-EF31-617C-A48F-42A3DBF58B99}.Release|Any CPU.ActiveCfg = Release|Any CPU
		{B62B4798-EF31-617C-A48F-42A3DBF58B99}.Release|Any CPU.Build.0 = Release|Any CPU
	EndGlobalSection
	GlobalSection(SolutionProperties) = preSolution
		HideSolutionNode = FALSE
	EndGlobalSection
EndGlobal
