
Microsoft Visual Studio Solution File, Format Version 12.00
# Visual Studio 15
Project("{FAE04EC0-301F-11D3-BF4B-00C04F79EFBC}") = "2018_08_15_Re-Organization_GenerativeMo", "Assembly-CSharp.csproj", "{62486616-449D-36E2-61AD-C40E6E71FE68}"
EndProject
Project("{FAE04EC0-301F-11D3-BF4B-00C04F79EFBC}") = "2018_08_15_Re-Organization_GenerativeMo", "Assembly-CSharp-Editor.csproj", "{C7E5FDA4-5399-79F1-C2CE-6CA77928728A}"
EndProject
Global
	GlobalSection(SolutionConfigurationPlatforms) = preSolution
		Debug|Any CPU = Debug|Any CPU
		Release|Any CPU = Release|Any CPU
	EndGlobalSection
	GlobalSection(ProjectConfigurationPlatforms) = postSolution
		{62486616-449D-36E2-61AD-C40E6E71FE68}.Debug|Any CPU.ActiveCfg = Debug|Any CPU
		{62486616-449D-36E2-61AD-C40E6E71FE68}.Debug|Any CPU.Build.0 = Debug|Any CPU
		{62486616-449D-36E2-61AD-C40E6E71FE68}.Release|Any CPU.ActiveCfg = Release|Any CPU
		{62486616-449D-36E2-61AD-C40E6E71FE68}.Release|Any CPU.Build.0 = Release|Any CPU
		{C7E5FDA4-5399-79F1-C2CE-6CA77928728A}.Debug|Any CPU.ActiveCfg = Debug|Any CPU
		{C7E5FDA4-5399-79F1-C2CE-6CA77928728A}.Debug|Any CPU.Build.0 = Debug|Any CPU
		{C7E5FDA4-5399-79F1-C2CE-6CA77928728A}.Release|Any CPU.ActiveCfg = Release|Any CPU
		{C7E5FDA4-5399-79F1-C2CE-6CA77928728A}.Release|Any CPU.Build.0 = Release|Any CPU
	EndGlobalSection
	GlobalSection(SolutionProperties) = preSolution
		HideSolutionNode = FALSE
	EndGlobalSection
EndGlobal
