
Microsoft Visual Studio Solution File, Format Version 12.00
# Visual Studio 15
Project("{FAE04EC0-301F-11D3-BF4B-00C04F79EFBC}") = "2018_12_01_OM", "Assembly-CSharp.csproj", "{F6269E2D-C259-892A-E19C-E87A6716E01D}"
EndProject
Project("{FAE04EC0-301F-11D3-BF4B-00C04F79EFBC}") = "2018_12_01_OM", "Assembly-CSharp-Editor.csproj", "{DEFC09C3-56C0-63A6-6623-34ED9D6C1D4A}"
EndProject
Global
	GlobalSection(SolutionConfigurationPlatforms) = preSolution
		Debug|Any CPU = Debug|Any CPU
		Release|Any CPU = Release|Any CPU
	EndGlobalSection
	GlobalSection(ProjectConfigurationPlatforms) = postSolution
		{F6269E2D-C259-892A-E19C-E87A6716E01D}.Debug|Any CPU.ActiveCfg = Debug|Any CPU
		{F6269E2D-C259-892A-E19C-E87A6716E01D}.Debug|Any CPU.Build.0 = Debug|Any CPU
		{F6269E2D-C259-892A-E19C-E87A6716E01D}.Release|Any CPU.ActiveCfg = Release|Any CPU
		{F6269E2D-C259-892A-E19C-E87A6716E01D}.Release|Any CPU.Build.0 = Release|Any CPU
		{DEFC09C3-56C0-63A6-6623-34ED9D6C1D4A}.Debug|Any CPU.ActiveCfg = Debug|Any CPU
		{DEFC09C3-56C0-63A6-6623-34ED9D6C1D4A}.Debug|Any CPU.Build.0 = Debug|Any CPU
		{DEFC09C3-56C0-63A6-6623-34ED9D6C1D4A}.Release|Any CPU.ActiveCfg = Release|Any CPU
		{DEFC09C3-56C0-63A6-6623-34ED9D6C1D4A}.Release|Any CPU.Build.0 = Release|Any CPU
	EndGlobalSection
	GlobalSection(SolutionProperties) = preSolution
		HideSolutionNode = FALSE
	EndGlobalSection
EndGlobal
