
Microsoft Visual Studio Solution File, Format Version 12.00
# Visual Studio 15
Project("{FAE04EC0-301F-11D3-BF4B-00C04F79EFBC}") = "2018_10_02_OM", "Assembly-CSharp.csproj", "{041DBA64-23DD-AC85-7483-EFBC574F094F}"
EndProject
Project("{FAE04EC0-301F-11D3-BF4B-00C04F79EFBC}") = "2018_10_02_OM", "Assembly-CSharp-Editor.csproj", "{DB3292A9-881B-C29C-F2D9-3DAEAB2330CA}"
EndProject
Global
	GlobalSection(SolutionConfigurationPlatforms) = preSolution
		Debug|Any CPU = Debug|Any CPU
		Release|Any CPU = Release|Any CPU
	EndGlobalSection
	GlobalSection(ProjectConfigurationPlatforms) = postSolution
		{041DBA64-23DD-AC85-7483-EFBC574F094F}.Debug|Any CPU.ActiveCfg = Debug|Any CPU
		{041DBA64-23DD-AC85-7483-EFBC574F094F}.Debug|Any CPU.Build.0 = Debug|Any CPU
		{041DBA64-23DD-AC85-7483-EFBC574F094F}.Release|Any CPU.ActiveCfg = Release|Any CPU
		{041DBA64-23DD-AC85-7483-EFBC574F094F}.Release|Any CPU.Build.0 = Release|Any CPU
		{DB3292A9-881B-C29C-F2D9-3DAEAB2330CA}.Debug|Any CPU.ActiveCfg = Debug|Any CPU
		{DB3292A9-881B-C29C-F2D9-3DAEAB2330CA}.Debug|Any CPU.Build.0 = Debug|Any CPU
		{DB3292A9-881B-C29C-F2D9-3DAEAB2330CA}.Release|Any CPU.ActiveCfg = Release|Any CPU
		{DB3292A9-881B-C29C-F2D9-3DAEAB2330CA}.Release|Any CPU.Build.0 = Release|Any CPU
	EndGlobalSection
	GlobalSection(SolutionProperties) = preSolution
		HideSolutionNode = FALSE
	EndGlobalSection
EndGlobal
