
Microsoft Visual Studio Solution File, Format Version 12.00
# Visual Studio 15
Project("{FAE04EC0-301F-11D3-BF4B-00C04F79EFBC}") = "2018_11_17_OM_KDTree", "Assembly-CSharp.csproj", "{346E6FA4-386E-5C0E-2D7A-4F120BC9EBE0}"
EndProject
Project("{FAE04EC0-301F-11D3-BF4B-00C04F79EFBC}") = "2018_11_17_OM_KDTree", "Assembly-CSharp-Editor.csproj", "{9147EC12-35EF-BF20-1648-F0A863D98797}"
EndProject
Global
	GlobalSection(SolutionConfigurationPlatforms) = preSolution
		Debug|Any CPU = Debug|Any CPU
		Release|Any CPU = Release|Any CPU
	EndGlobalSection
	GlobalSection(ProjectConfigurationPlatforms) = postSolution
		{346E6FA4-386E-5C0E-2D7A-4F120BC9EBE0}.Debug|Any CPU.ActiveCfg = Debug|Any CPU
		{346E6FA4-386E-5C0E-2D7A-4F120BC9EBE0}.Debug|Any CPU.Build.0 = Debug|Any CPU
		{346E6FA4-386E-5C0E-2D7A-4F120BC9EBE0}.Release|Any CPU.ActiveCfg = Release|Any CPU
		{346E6FA4-386E-5C0E-2D7A-4F120BC9EBE0}.Release|Any CPU.Build.0 = Release|Any CPU
		{9147EC12-35EF-BF20-1648-F0A863D98797}.Debug|Any CPU.ActiveCfg = Debug|Any CPU
		{9147EC12-35EF-BF20-1648-F0A863D98797}.Debug|Any CPU.Build.0 = Debug|Any CPU
		{9147EC12-35EF-BF20-1648-F0A863D98797}.Release|Any CPU.ActiveCfg = Release|Any CPU
		{9147EC12-35EF-BF20-1648-F0A863D98797}.Release|Any CPU.Build.0 = Release|Any CPU
	EndGlobalSection
	GlobalSection(SolutionProperties) = preSolution
		HideSolutionNode = FALSE
	EndGlobalSection
EndGlobal
