
Microsoft Visual Studio Solution File, Format Version 12.00
# Visual Studio 15
Project("{FAE04EC0-301F-11D3-BF4B-00C04F79EFBC}") = "2018_07_27_Re-Organization_GenerativeMo", "Assembly-CSharp.csproj", "{122E5F2C-3514-D625-BC6B-42585BDEC0D6}"
EndProject
Project("{FAE04EC0-301F-11D3-BF4B-00C04F79EFBC}") = "2018_07_27_Re-Organization_GenerativeMo", "Assembly-CSharp-Editor.csproj", "{1AE49F8A-AEC4-95FB-DFAB-5C8FC7BB8A75}"
EndProject
Global
	GlobalSection(SolutionConfigurationPlatforms) = preSolution
		Debug|Any CPU = Debug|Any CPU
		Release|Any CPU = Release|Any CPU
	EndGlobalSection
	GlobalSection(ProjectConfigurationPlatforms) = postSolution
		{122E5F2C-3514-D625-BC6B-42585BDEC0D6}.Debug|Any CPU.ActiveCfg = Debug|Any CPU
		{122E5F2C-3514-D625-BC6B-42585BDEC0D6}.Debug|Any CPU.Build.0 = Debug|Any CPU
		{122E5F2C-3514-D625-BC6B-42585BDEC0D6}.Release|Any CPU.ActiveCfg = Release|Any CPU
		{122E5F2C-3514-D625-BC6B-42585BDEC0D6}.Release|Any CPU.Build.0 = Release|Any CPU
		{1AE49F8A-AEC4-95FB-DFAB-5C8FC7BB8A75}.Debug|Any CPU.ActiveCfg = Debug|Any CPU
		{1AE49F8A-AEC4-95FB-DFAB-5C8FC7BB8A75}.Debug|Any CPU.Build.0 = Debug|Any CPU
		{1AE49F8A-AEC4-95FB-DFAB-5C8FC7BB8A75}.Release|Any CPU.ActiveCfg = Release|Any CPU
		{1AE49F8A-AEC4-95FB-DFAB-5C8FC7BB8A75}.Release|Any CPU.Build.0 = Release|Any CPU
	EndGlobalSection
	GlobalSection(SolutionProperties) = preSolution
		HideSolutionNode = FALSE
	EndGlobalSection
EndGlobal
