
Microsoft Visual Studio Solution File, Format Version 12.00
# Visual Studio 15
Project("{FAE04EC0-301F-11D3-BF4B-00C04F79EFBC}") = "2018_11_17_OM_KDTree - Copy", "Assembly-CSharp.csproj", "{7DCADB1B-9658-2D09-4FCC-1B198FD99731}"
EndProject
Project("{FAE04EC0-301F-11D3-BF4B-00C04F79EFBC}") = "2018_11_17_OM_KDTree - Copy", "Assembly-CSharp-Editor.csproj", "{06F201F5-4521-182B-8D75-4E6F735E901A}"
EndProject
Global
	GlobalSection(SolutionConfigurationPlatforms) = preSolution
		Debug|Any CPU = Debug|Any CPU
		Release|Any CPU = Release|Any CPU
	EndGlobalSection
	GlobalSection(ProjectConfigurationPlatforms) = postSolution
		{7DCADB1B-9658-2D09-4FCC-1B198FD99731}.Debug|Any CPU.ActiveCfg = Debug|Any CPU
		{7DCADB1B-9658-2D09-4FCC-1B198FD99731}.Debug|Any CPU.Build.0 = Debug|Any CPU
		{7DCADB1B-9658-2D09-4FCC-1B198FD99731}.Release|Any CPU.ActiveCfg = Release|Any CPU
		{7DCADB1B-9658-2D09-4FCC-1B198FD99731}.Release|Any CPU.Build.0 = Release|Any CPU
		{06F201F5-4521-182B-8D75-4E6F735E901A}.Debug|Any CPU.ActiveCfg = Debug|Any CPU
		{06F201F5-4521-182B-8D75-4E6F735E901A}.Debug|Any CPU.Build.0 = Debug|Any CPU
		{06F201F5-4521-182B-8D75-4E6F735E901A}.Release|Any CPU.ActiveCfg = Release|Any CPU
		{06F201F5-4521-182B-8D75-4E6F735E901A}.Release|Any CPU.Build.0 = Release|Any CPU
	EndGlobalSection
	GlobalSection(SolutionProperties) = preSolution
		HideSolutionNode = FALSE
	EndGlobalSection
EndGlobal
