
Microsoft Visual Studio Solution File, Format Version 12.00
# Visual Studio 15
Project("{FAE04EC0-301F-11D3-BF4B-00C04F79EFBC}") = "2018_11_11_OM", "Assembly-CSharp.csproj", "{832A2C7F-005B-D618-055F-1B3FEF20A253}"
EndProject
Project("{FAE04EC0-301F-11D3-BF4B-00C04F79EFBC}") = "2018_11_11_OM", "Assembly-CSharp-Editor.csproj", "{D5932D25-3F4D-53CF-84A4-09FFD7FD14AE}"
EndProject
Global
	GlobalSection(SolutionConfigurationPlatforms) = preSolution
		Debug|Any CPU = Debug|Any CPU
		Release|Any CPU = Release|Any CPU
	EndGlobalSection
	GlobalSection(ProjectConfigurationPlatforms) = postSolution
		{832A2C7F-005B-D618-055F-1B3FEF20A253}.Debug|Any CPU.ActiveCfg = Debug|Any CPU
		{832A2C7F-005B-D618-055F-1B3FEF20A253}.Debug|Any CPU.Build.0 = Debug|Any CPU
		{832A2C7F-005B-D618-055F-1B3FEF20A253}.Release|Any CPU.ActiveCfg = Release|Any CPU
		{832A2C7F-005B-D618-055F-1B3FEF20A253}.Release|Any CPU.Build.0 = Release|Any CPU
		{D5932D25-3F4D-53CF-84A4-09FFD7FD14AE}.Debug|Any CPU.ActiveCfg = Debug|Any CPU
		{D5932D25-3F4D-53CF-84A4-09FFD7FD14AE}.Debug|Any CPU.Build.0 = Debug|Any CPU
		{D5932D25-3F4D-53CF-84A4-09FFD7FD14AE}.Release|Any CPU.ActiveCfg = Release|Any CPU
		{D5932D25-3F4D-53CF-84A4-09FFD7FD14AE}.Release|Any CPU.Build.0 = Release|Any CPU
	EndGlobalSection
	GlobalSection(SolutionProperties) = preSolution
		HideSolutionNode = FALSE
	EndGlobalSection
EndGlobal
