
Microsoft Visual Studio Solution File, Format Version 12.00
# Visual Studio 15
Project("{FAE04EC0-301F-11D3-BF4B-00C04F79EFBC}") = "2018_08_22_Re-Organization_GenerativeMo_ClosestN", "Assembly-CSharp.csproj", "{9AC7D7A6-9193-3073-DD24-82360250634E}"
EndProject
Project("{FAE04EC0-301F-11D3-BF4B-00C04F79EFBC}") = "2018_08_22_Re-Organization_GenerativeMo_ClosestN", "Assembly-CSharp-Editor.csproj", "{F8E8C0D1-A7C5-A2F7-0018-F19ADB4E1E16}"
EndProject
Global
	GlobalSection(SolutionConfigurationPlatforms) = preSolution
		Debug|Any CPU = Debug|Any CPU
		Release|Any CPU = Release|Any CPU
	EndGlobalSection
	GlobalSection(ProjectConfigurationPlatforms) = postSolution
		{9AC7D7A6-9193-3073-DD24-82360250634E}.Debug|Any CPU.ActiveCfg = Debug|Any CPU
		{9AC7D7A6-9193-3073-DD24-82360250634E}.Debug|Any CPU.Build.0 = Debug|Any CPU
		{9AC7D7A6-9193-3073-DD24-82360250634E}.Release|Any CPU.ActiveCfg = Release|Any CPU
		{9AC7D7A6-9193-3073-DD24-82360250634E}.Release|Any CPU.Build.0 = Release|Any CPU
		{F8E8C0D1-A7C5-A2F7-0018-F19ADB4E1E16}.Debug|Any CPU.ActiveCfg = Debug|Any CPU
		{F8E8C0D1-A7C5-A2F7-0018-F19ADB4E1E16}.Debug|Any CPU.Build.0 = Debug|Any CPU
		{F8E8C0D1-A7C5-A2F7-0018-F19ADB4E1E16}.Release|Any CPU.ActiveCfg = Release|Any CPU
		{F8E8C0D1-A7C5-A2F7-0018-F19ADB4E1E16}.Release|Any CPU.Build.0 = Release|Any CPU
	EndGlobalSection
	GlobalSection(SolutionProperties) = preSolution
		HideSolutionNode = FALSE
	EndGlobalSection
EndGlobal
