
Microsoft Visual Studio Solution File, Format Version 12.00
# Visual Studio 15
Project("{FAE04EC0-301F-11D3-BF4B-00C04F79EFBC}") = "2018_11_16_OM", "Assembly-CSharp.csproj", "{830B93E5-A110-32D2-E0C5-35B465244208}"
EndProject
Project("{FAE04EC0-301F-11D3-BF4B-00C04F79EFBC}") = "2018_11_16_OM", "Assembly-CSharp-Editor.csproj", "{A6FA309F-44F9-49DF-DF1D-FC83F3093DBA}"
EndProject
Global
	GlobalSection(SolutionConfigurationPlatforms) = preSolution
		Debug|Any CPU = Debug|Any CPU
		Release|Any CPU = Release|Any CPU
	EndGlobalSection
	GlobalSection(ProjectConfigurationPlatforms) = postSolution
		{830B93E5-A110-32D2-E0C5-35B465244208}.Debug|Any CPU.ActiveCfg = Debug|Any CPU
		{830B93E5-A110-32D2-E0C5-35B465244208}.Debug|Any CPU.Build.0 = Debug|Any CPU
		{830B93E5-A110-32D2-E0C5-35B465244208}.Release|Any CPU.ActiveCfg = Release|Any CPU
		{830B93E5-A110-32D2-E0C5-35B465244208}.Release|Any CPU.Build.0 = Release|Any CPU
		{A6FA309F-44F9-49DF-DF1D-FC83F3093DBA}.Debug|Any CPU.ActiveCfg = Debug|Any CPU
		{A6FA309F-44F9-49DF-DF1D-FC83F3093DBA}.Debug|Any CPU.Build.0 = Debug|Any CPU
		{A6FA309F-44F9-49DF-DF1D-FC83F3093DBA}.Release|Any CPU.ActiveCfg = Release|Any CPU
		{A6FA309F-44F9-49DF-DF1D-FC83F3093DBA}.Release|Any CPU.Build.0 = Release|Any CPU
	EndGlobalSection
	GlobalSection(SolutionProperties) = preSolution
		HideSolutionNode = FALSE
	EndGlobalSection
EndGlobal
