
Microsoft Visual Studio Solution File, Format Version 12.00
# Visual Studio 15
Project("{FAE04EC0-301F-11D3-BF4B-00C04F79EFBC}") = "2018_07_25_Re-Organization_GenerativeMo", "Assembly-CSharp.csproj", "{8955DD21-3749-9082-38E0-BB1B53E98289}"
EndProject
Project("{FAE04EC0-301F-11D3-BF4B-00C04F79EFBC}") = "2018_07_25_Re-Organization_GenerativeMo", "Assembly-CSharp-Editor.csproj", "{C6376930-DF09-E949-D1B8-7C3BE17EF5C5}"
EndProject
Global
	GlobalSection(SolutionConfigurationPlatforms) = preSolution
		Debug|Any CPU = Debug|Any CPU
		Release|Any CPU = Release|Any CPU
	EndGlobalSection
	GlobalSection(ProjectConfigurationPlatforms) = postSolution
		{8955DD21-3749-9082-38E0-BB1B53E98289}.Debug|Any CPU.ActiveCfg = Debug|Any CPU
		{8955DD21-3749-9082-38E0-BB1B53E98289}.Debug|Any CPU.Build.0 = Debug|Any CPU
		{8955DD21-3749-9082-38E0-BB1B53E98289}.Release|Any CPU.ActiveCfg = Release|Any CPU
		{8955DD21-3749-9082-38E0-BB1B53E98289}.Release|Any CPU.Build.0 = Release|Any CPU
		{C6376930-DF09-E949-D1B8-7C3BE17EF5C5}.Debug|Any CPU.ActiveCfg = Debug|Any CPU
		{C6376930-DF09-E949-D1B8-7C3BE17EF5C5}.Debug|Any CPU.Build.0 = Debug|Any CPU
		{C6376930-DF09-E949-D1B8-7C3BE17EF5C5}.Release|Any CPU.ActiveCfg = Release|Any CPU
		{C6376930-DF09-E949-D1B8-7C3BE17EF5C5}.Release|Any CPU.Build.0 = Release|Any CPU
	EndGlobalSection
	GlobalSection(SolutionProperties) = preSolution
		HideSolutionNode = FALSE
	EndGlobalSection
EndGlobal
